
Microsoft Visual Studio Solution File, Format Version 12.00
# Visual Studio 15
VisualStudioVersion = 15.0.26730.3
MinimumVisualStudioVersion = 10.0.40219.1
Project("{FAE04EC0-301F-11D3-BF4B-00C04F79EFBC}") = "Plenum-1", "Plenum-1\Plenum-1.csproj", "{2A81F038-FA2A-4523-9439-F9E0421D7815}"
EndProject
Global
	GlobalSection(SolutionConfigurationPlatforms) = preSolution
		Debug|Any CPU = Debug|Any CPU
		Release|Any CPU = Release|Any CPU
	EndGlobalSection
	GlobalSection(ProjectConfigurationPlatforms) = postSolution
		{2A81F038-FA2A-4523-9439-F9E0421D7815}.Debug|Any CPU.ActiveCfg = Debug|Any CPU
		{2A81F038-FA2A-4523-9439-F9E0421D7815}.Debug|Any CPU.Build.0 = Debug|Any CPU
		{2A81F038-FA2A-4523-9439-F9E0421D7815}.Release|Any CPU.ActiveCfg = Release|Any CPU
		{2A81F038-FA2A-4523-9439-F9E0421D7815}.Release|Any CPU.Build.0 = Release|Any CPU
	EndGlobalSection
	GlobalSection(SolutionProperties) = preSolution
		HideSolutionNode = FALSE
	EndGlobalSection
	GlobalSection(ExtensibilityGlobals) = postSolution
		SolutionGuid = {BCE1F067-6698-4103-8E4C-5C96A3D18832}
	EndGlobalSection
EndGlobal
